
Microsoft Visual Studio Solution File, Format Version 12.00
# Visual Studio Version 16
VisualStudioVersion = 16.0.31005.135
MinimumVisualStudioVersion = 10.0.40219.1
Project("{FAE04EC0-301F-11D3-BF4B-00C04F79EFBC}") = "StackPanel_Example", "StackPanel_Example.csproj", "{4D37F5B8-25DF-4188-A21D-ABAA48A3B143}"
EndProject
Global
	GlobalSection(SolutionConfigurationPlatforms) = preSolution
		Debug|Any CPU = Debug|Any CPU
		Release|Any CPU = Release|Any CPU
	EndGlobalSection
	GlobalSection(ProjectConfigurationPlatforms) = postSolution
		{4D37F5B8-25DF-4188-A21D-ABAA48A3B143}.Debug|Any CPU.ActiveCfg = Debug|Any CPU
		{4D37F5B8-25DF-4188-A21D-ABAA48A3B143}.Debug|Any CPU.Build.0 = Debug|Any CPU
		{4D37F5B8-25DF-4188-A21D-ABAA48A3B143}.Release|Any CPU.ActiveCfg = Release|Any CPU
		{4D37F5B8-25DF-4188-A21D-ABAA48A3B143}.Release|Any CPU.Build.0 = Release|Any CPU
	EndGlobalSection
	GlobalSection(SolutionProperties) = preSolution
		HideSolutionNode = FALSE
	EndGlobalSection
	GlobalSection(ExtensibilityGlobals) = postSolution
		SolutionGuid = {180561DF-91CB-401D-AE8F-864F6DAAAAFA}
	EndGlobalSection
EndGlobal
